
Microsoft Visual Studio Solution File, Format Version 12.00
# Visual Studio Version 17
VisualStudioVersion = 17.2.32630.192
MinimumVisualStudioVersion = 10.0.40219.1
Project("{888888A0-9F3D-457C-B088-3A5042F75D52}") = "DFTExample", "DFTExample\DFTExample.pyproj", "{4DF9CEAF-0306-43E9-AF2A-D921DF890A59}"
EndProject
Global
	GlobalSection(SolutionConfigurationPlatforms) = preSolution
		Debug|Any CPU = Debug|Any CPU
		Release|Any CPU = Release|Any CPU
	EndGlobalSection
	GlobalSection(ProjectConfigurationPlatforms) = postSolution
		{4DF9CEAF-0306-43E9-AF2A-D921DF890A59}.Debug|Any CPU.ActiveCfg = Debug|Any CPU
		{4DF9CEAF-0306-43E9-AF2A-D921DF890A59}.Release|Any CPU.ActiveCfg = Release|Any CPU
	EndGlobalSection
	GlobalSection(SolutionProperties) = preSolution
		HideSolutionNode = FALSE
	EndGlobalSection
	GlobalSection(ExtensibilityGlobals) = postSolution
		SolutionGuid = {7751C681-BEEB-43DD-95AF-2591FACFDD30}
	EndGlobalSection
EndGlobal
